
Microsoft Visual Studio Solution File, Format Version 12.00
# Visual Studio Version 17
VisualStudioVersion = 17.6.33723.286
MinimumVisualStudioVersion = 10.0.40219.1
Project("{FAE04EC0-301F-11D3-BF4B-00C04F79EFBC}") = "GoF_Interpreter_pattern", "GoF_Interpreter_pattern.csproj", "{C8023087-E9A5-4EED-8A65-6D249E5CFD52}"
EndProject
Global
	GlobalSection(SolutionConfigurationPlatforms) = preSolution
		Debug|Any CPU = Debug|Any CPU
		Release|Any CPU = Release|Any CPU
	EndGlobalSection
	GlobalSection(ProjectConfigurationPlatforms) = postSolution
		{C8023087-E9A5-4EED-8A65-6D249E5CFD52}.Debug|Any CPU.ActiveCfg = Debug|Any CPU
		{C8023087-E9A5-4EED-8A65-6D249E5CFD52}.Debug|Any CPU.Build.0 = Debug|Any CPU
		{C8023087-E9A5-4EED-8A65-6D249E5CFD52}.Release|Any CPU.ActiveCfg = Release|Any CPU
		{C8023087-E9A5-4EED-8A65-6D249E5CFD52}.Release|Any CPU.Build.0 = Release|Any CPU
	EndGlobalSection
	GlobalSection(SolutionProperties) = preSolution
		HideSolutionNode = FALSE
	EndGlobalSection
	GlobalSection(ExtensibilityGlobals) = postSolution
		SolutionGuid = {D4590EE1-B01D-45B6-BBC8-0EE28EFD001E}
	EndGlobalSection
EndGlobal
